{
    "_readme": [
        "This file locks the dependencies of your project to a known state",
        "Read more about it at https://getcomposer.org/doc/01-basic-usage.md#installing-dependencies",
        "This file is @generated automatically"
    ],
    "content-hash": "94a6e950ee55b88fa55d9c222db4db5d",
    "packages": [
        {
            "name": "yourivw/leclient",
            "version": "1.1.6",
            "source": {
                "type": "git",
                "url": "https://github.com/yourivw/LEClient.git",
                "reference": "b19053c5af91a9f8b30633bd80f7066c15ac5f6d"
            },
            "dist": {
                "type": "zip",
                "url": "https://api.github.com/repos/yourivw/LEClient/zipball/b19053c5af91a9f8b30633bd80f7066c15ac5f6d",
                "reference": "b19053c5af91a9f8b30633bd80f7066c15ac5f6d",
                "shasum": ""
            },
            "require": {
                "php": ">=5.2"
            },
            "type": "library",
            "autoload": {
                "psr-4": {
                    "LEClient\\": "src/"
                }
            },
            "notification-url": "https://packagist.org/downloads/",
            "license": [
                "MIT"
            ],
            "description": "PHP LetsEncrypt client library for ACME v2",
            "time": "2019-03-31T08:53:21+00:00"
        }
    ],
    "packages-dev": [],
    "aliases": [],
    "minimum-stability": "stable",
    "stability-flags": [],
    "prefer-stable": false,
    "prefer-lowest": false,
    "platform": [],
    "platform-dev": []
}
